// !$*UTF8*$!
{
	archiveVersion = 1;
	classes = {
	};
	objectVersion = 56;
	objects = {

/* Begin PBXBuildFile section */
		993F91872BC13E7F00C15C6E /* SelectImageView.swift in Sources */ = {isa = PBXBuildFile; fileRef = 993F91862BC13E7F00C15C6E /* SelectImageView.swift */; };
		993F91892BC1433F00C15C6E /* SelectImageViewModel.swift in Sources */ = {isa = PBXBuildFile; fileRef = 993F91882BC1433F00C15C6E /* SelectImageViewModel.swift */; };
		993F918C2BC1694200C15C6E /* SVProgressHUD in Frameworks */ = {isa = PBXBuildFile; productRef = 993F918B2BC1694200C15C6E /* SVProgressHUD */; };
		999F22822BAA9CBB007AE058 /* InputWordView.swift in Sources */ = {isa = PBXBuildFile; fileRef = 999F22812BAA9CBB007AE058 /* InputWordView.swift */; };
		999F22842BAAA56C007AE058 /* DesignView.swift in Sources */ = {isa = PBXBuildFile; fileRef = 999F22832BAAA56C007AE058 /* DesignView.swift */; };
		999F22862BAC74D3007AE058 /* SelectSentenceView.swift in Sources */ = {isa = PBXBuildFile; fileRef = 999F22852BAC74D3007AE058 /* SelectSentenceView.swift */; };
		999F22882BAC894A007AE058 /* SelectSentenceViewModel.swift in Sources */ = {isa = PBXBuildFile; fileRef = 999F22872BAC894A007AE058 /* SelectSentenceViewModel.swift */; };
		999F228B2BAC8A18007AE058 /* NewWordData.swift in Sources */ = {isa = PBXBuildFile; fileRef = 999F228A2BAC8A18007AE058 /* NewWordData.swift */; };
		999F228D2BAC92BF007AE058 /* InputWordViewModel.swift in Sources */ = {isa = PBXBuildFile; fileRef = 999F228C2BAC92BF007AE058 /* InputWordViewModel.swift */; };
		99A0BE592BCA55E00029AD20 /* RegisterCompleteView.swift in Sources */ = {isa = PBXBuildFile; fileRef = 99A0BE582BCA55E00029AD20 /* RegisterCompleteView.swift */; };
		99A0BE5B2BCA61A70029AD20 /* RegisterCompleteViewModel.swift in Sources */ = {isa = PBXBuildFile; fileRef = 99A0BE5A2BCA61A70029AD20 /* RegisterCompleteViewModel.swift */; };
		99A624072BCAE49D00755B4D /* Realm in Frameworks */ = {isa = PBXBuildFile; productRef = 99A624062BCAE49D00755B4D /* Realm */; };
		99A624092BCAE49D00755B4D /* RealmSwift in Frameworks */ = {isa = PBXBuildFile; productRef = 99A624082BCAE49D00755B4D /* RealmSwift */; };
		99DF13562BCA7EAC00F474D8 /* WordListViewModel.swift in Sources */ = {isa = PBXBuildFile; fileRef = 99DF13552BCA7EAC00F474D8 /* WordListViewModel.swift */; };
		99DF13582BCA896600F474D8 /* WordDetailView.swift in Sources */ = {isa = PBXBuildFile; fileRef = 99DF13572BCA896600F474D8 /* WordDetailView.swift */; };
		99DF135A2BCA897D00F474D8 /* WordDetailViewModel.swift in Sources */ = {isa = PBXBuildFile; fileRef = 99DF13592BCA897D00F474D8 /* WordDetailViewModel.swift */; };
		99DF135C2BCA923400F474D8 /* DatabaseService.swift in Sources */ = {isa = PBXBuildFile; fileRef = 99DF135B2BCA923400F474D8 /* DatabaseService.swift */; };
		99DF13632BCAD33400F474D8 /* DatabaseRepository.swift in Sources */ = {isa = PBXBuildFile; fileRef = 99DF13622BCAD33400F474D8 /* DatabaseRepository.swift */; };
		ABB884CD2B76754B00B638C2 /* EnglishWordLearningAIApp.swift in Sources */ = {isa = PBXBuildFile; fileRef = ABB884CC2B76754B00B638C2 /* EnglishWordLearningAIApp.swift */; };
		ABB884CF2B76754B00B638C2 /* WordListView.swift in Sources */ = {isa = PBXBuildFile; fileRef = ABB884CE2B76754B00B638C2 /* WordListView.swift */; };
		ABB884D12B76754B00B638C2 /* Item.swift in Sources */ = {isa = PBXBuildFile; fileRef = ABB884D02B76754B00B638C2 /* Item.swift */; };
		ABB884D32B76754D00B638C2 /* Assets.xcassets in Resources */ = {isa = PBXBuildFile; fileRef = ABB884D22B76754D00B638C2 /* Assets.xcassets */; };
		ABB884D62B76754D00B638C2 /* Preview Assets.xcassets in Resources */ = {isa = PBXBuildFile; fileRef = ABB884D52B76754D00B638C2 /* Preview Assets.xcassets */; };
		ABB884E02B76754E00B638C2 /* EnglishWordLearningAITests.swift in Sources */ = {isa = PBXBuildFile; fileRef = ABB884DF2B76754E00B638C2 /* EnglishWordLearningAITests.swift */; };
		ABB884EA2B76754E00B638C2 /* EnglishWordLearningAIUITests.swift in Sources */ = {isa = PBXBuildFile; fileRef = ABB884E92B76754E00B638C2 /* EnglishWordLearningAIUITests.swift */; };
		ABB884EC2B76754E00B638C2 /* EnglishWordLearningAIUITestsLaunchTests.swift in Sources */ = {isa = PBXBuildFile; fileRef = ABB884EB2B76754E00B638C2 /* EnglishWordLearningAIUITestsLaunchTests.swift */; };
/* End PBXBuildFile section */

/* Begin PBXContainerItemProxy section */
		ABB884DC2B76754E00B638C2 /* PBXContainerItemProxy */ = {
			isa = PBXContainerItemProxy;
			containerPortal = ABB884C12B76754B00B638C2 /* Project object */;
			proxyType = 1;
			remoteGlobalIDString = ABB884C82B76754B00B638C2;
			remoteInfo = EnglishWordLearningAI;
		};
		ABB884E62B76754E00B638C2 /* PBXContainerItemProxy */ = {
			isa = PBXContainerItemProxy;
			containerPortal = ABB884C12B76754B00B638C2 /* Project object */;
			proxyType = 1;
			remoteGlobalIDString = ABB884C82B76754B00B638C2;
			remoteInfo = EnglishWordLearningAI;
		};
/* End PBXContainerItemProxy section */

/* Begin PBXFileReference section */
		993F91862BC13E7F00C15C6E /* SelectImageView.swift */ = {isa = PBXFileReference; lastKnownFileType = sourcecode.swift; path = SelectImageView.swift; sourceTree = "<group>"; };
		993F91882BC1433F00C15C6E /* SelectImageViewModel.swift */ = {isa = PBXFileReference; lastKnownFileType = sourcecode.swift; path = SelectImageViewModel.swift; sourceTree = "<group>"; };
		999F22812BAA9CBB007AE058 /* InputWordView.swift */ = {isa = PBXFileReference; lastKnownFileType = sourcecode.swift; path = InputWordView.swift; sourceTree = "<group>"; };
		999F22832BAAA56C007AE058 /* DesignView.swift */ = {isa = PBXFileReference; lastKnownFileType = sourcecode.swift; path = DesignView.swift; sourceTree = "<group>"; };
		999F22852BAC74D3007AE058 /* SelectSentenceView.swift */ = {isa = PBXFileReference; lastKnownFileType = sourcecode.swift; path = SelectSentenceView.swift; sourceTree = "<group>"; };
		999F22872BAC894A007AE058 /* SelectSentenceViewModel.swift */ = {isa = PBXFileReference; lastKnownFileType = sourcecode.swift; path = SelectSentenceViewModel.swift; sourceTree = "<group>"; };
		999F228A2BAC8A18007AE058 /* NewWordData.swift */ = {isa = PBXFileReference; lastKnownFileType = sourcecode.swift; path = NewWordData.swift; sourceTree = "<group>"; };
		999F228C2BAC92BF007AE058 /* InputWordViewModel.swift */ = {isa = PBXFileReference; lastKnownFileType = sourcecode.swift; path = InputWordViewModel.swift; sourceTree = "<group>"; };
		99A0BE582BCA55E00029AD20 /* RegisterCompleteView.swift */ = {isa = PBXFileReference; lastKnownFileType = sourcecode.swift; path = RegisterCompleteView.swift; sourceTree = "<group>"; };
		99A0BE5A2BCA61A70029AD20 /* RegisterCompleteViewModel.swift */ = {isa = PBXFileReference; lastKnownFileType = sourcecode.swift; path = RegisterCompleteViewModel.swift; sourceTree = "<group>"; };
		99DF13552BCA7EAC00F474D8 /* WordListViewModel.swift */ = {isa = PBXFileReference; lastKnownFileType = sourcecode.swift; path = WordListViewModel.swift; sourceTree = "<group>"; };
		99DF13572BCA896600F474D8 /* WordDetailView.swift */ = {isa = PBXFileReference; lastKnownFileType = sourcecode.swift; path = WordDetailView.swift; sourceTree = "<group>"; };
		99DF13592BCA897D00F474D8 /* WordDetailViewModel.swift */ = {isa = PBXFileReference; lastKnownFileType = sourcecode.swift; path = WordDetailViewModel.swift; sourceTree = "<group>"; };
		99DF135B2BCA923400F474D8 /* DatabaseService.swift */ = {isa = PBXFileReference; lastKnownFileType = sourcecode.swift; path = DatabaseService.swift; sourceTree = "<group>"; };
		99DF13622BCAD33400F474D8 /* DatabaseRepository.swift */ = {isa = PBXFileReference; lastKnownFileType = sourcecode.swift; path = DatabaseRepository.swift; sourceTree = "<group>"; };
		ABB884C92B76754B00B638C2 /* EnglishWordLearningAI.app */ = {isa = PBXFileReference; explicitFileType = wrapper.application; includeInIndex = 0; path = EnglishWordLearningAI.app; sourceTree = BUILT_PRODUCTS_DIR; };
		ABB884CC2B76754B00B638C2 /* EnglishWordLearningAIApp.swift */ = {isa = PBXFileReference; lastKnownFileType = sourcecode.swift; path = EnglishWordLearningAIApp.swift; sourceTree = "<group>"; };
		ABB884CE2B76754B00B638C2 /* WordListView.swift */ = {isa = PBXFileReference; lastKnownFileType = sourcecode.swift; path = WordListView.swift; sourceTree = "<group>"; };
		ABB884D02B76754B00B638C2 /* Item.swift */ = {isa = PBXFileReference; lastKnownFileType = sourcecode.swift; path = Item.swift; sourceTree = "<group>"; };
		ABB884D22B76754D00B638C2 /* Assets.xcassets */ = {isa = PBXFileReference; lastKnownFileType = folder.assetcatalog; path = Assets.xcassets; sourceTree = "<group>"; };
		ABB884D52B76754D00B638C2 /* Preview Assets.xcassets */ = {isa = PBXFileReference; lastKnownFileType = folder.assetcatalog; path = "Preview Assets.xcassets"; sourceTree = "<group>"; };
		ABB884DB2B76754E00B638C2 /* EnglishWordLearningAITests.xctest */ = {isa = PBXFileReference; explicitFileType = wrapper.cfbundle; includeInIndex = 0; path = EnglishWordLearningAITests.xctest; sourceTree = BUILT_PRODUCTS_DIR; };
		ABB884DF2B76754E00B638C2 /* EnglishWordLearningAITests.swift */ = {isa = PBXFileReference; lastKnownFileType = sourcecode.swift; path = EnglishWordLearningAITests.swift; sourceTree = "<group>"; };
		ABB884E52B76754E00B638C2 /* EnglishWordLearningAIUITests.xctest */ = {isa = PBXFileReference; explicitFileType = wrapper.cfbundle; includeInIndex = 0; path = EnglishWordLearningAIUITests.xctest; sourceTree = BUILT_PRODUCTS_DIR; };
		ABB884E92B76754E00B638C2 /* EnglishWordLearningAIUITests.swift */ = {isa = PBXFileReference; lastKnownFileType = sourcecode.swift; path = EnglishWordLearningAIUITests.swift; sourceTree = "<group>"; };
		ABB884EB2B76754E00B638C2 /* EnglishWordLearningAIUITestsLaunchTests.swift */ = {isa = PBXFileReference; lastKnownFileType = sourcecode.swift; path = EnglishWordLearningAIUITestsLaunchTests.swift; sourceTree = "<group>"; };
/* End PBXFileReference section */

/* Begin PBXFrameworksBuildPhase section */
		ABB884C62B76754B00B638C2 /* Frameworks */ = {
			isa = PBXFrameworksBuildPhase;
			buildActionMask = 2147483647;
			files = (
				99A624092BCAE49D00755B4D /* RealmSwift in Frameworks */,
				99A624072BCAE49D00755B4D /* Realm in Frameworks */,
				993F918C2BC1694200C15C6E /* SVProgressHUD in Frameworks */,
			);
			runOnlyForDeploymentPostprocessing = 0;
		};
		ABB884D82B76754E00B638C2 /* Frameworks */ = {
			isa = PBXFrameworksBuildPhase;
			buildActionMask = 2147483647;
			files = (
			);
			runOnlyForDeploymentPostprocessing = 0;
		};
		ABB884E22B76754E00B638C2 /* Frameworks */ = {
			isa = PBXFrameworksBuildPhase;
			buildActionMask = 2147483647;
			files = (
			);
			runOnlyForDeploymentPostprocessing = 0;
		};
/* End PBXFrameworksBuildPhase section */

/* Begin PBXGroup section */
		999F227F2BAA98E6007AE058 /* Views */ = {
			isa = PBXGroup;
			children = (
				ABB884CE2B76754B00B638C2 /* WordListView.swift */,
				999F22812BAA9CBB007AE058 /* InputWordView.swift */,
				999F22832BAAA56C007AE058 /* DesignView.swift */,
				999F22852BAC74D3007AE058 /* SelectSentenceView.swift */,
				993F91862BC13E7F00C15C6E /* SelectImageView.swift */,
				99A0BE582BCA55E00029AD20 /* RegisterCompleteView.swift */,
				99DF13572BCA896600F474D8 /* WordDetailView.swift */,
			);
			path = Views;
			sourceTree = "<group>";
		};
		999F22802BAA98F9007AE058 /* ViewModels */ = {
			isa = PBXGroup;
			children = (
				99DF13552BCA7EAC00F474D8 /* WordListViewModel.swift */,
				999F228C2BAC92BF007AE058 /* InputWordViewModel.swift */,
				999F22872BAC894A007AE058 /* SelectSentenceViewModel.swift */,
				993F91882BC1433F00C15C6E /* SelectImageViewModel.swift */,
				99A0BE5A2BCA61A70029AD20 /* RegisterCompleteViewModel.swift */,
				99DF13592BCA897D00F474D8 /* WordDetailViewModel.swift */,
			);
			path = ViewModels;
			sourceTree = "<group>";
		};
		999F22892BAC8980007AE058 /* Models */ = {
			isa = PBXGroup;
			children = (
				999F228A2BAC8A18007AE058 /* NewWordData.swift */,
				99DF135B2BCA923400F474D8 /* DatabaseService.swift */,
				99DF13622BCAD33400F474D8 /* DatabaseRepository.swift */,
			);
			path = Models;
			sourceTree = "<group>";
		};
		ABB884C02B76754B00B638C2 = {
			isa = PBXGroup;
			children = (
				ABB884CB2B76754B00B638C2 /* EnglishWordLearningAI */,
				ABB884DE2B76754E00B638C2 /* EnglishWordLearningAITests */,
				ABB884E82B76754E00B638C2 /* EnglishWordLearningAIUITests */,
				ABB884CA2B76754B00B638C2 /* Products */,
			);
			sourceTree = "<group>";
		};
		ABB884CA2B76754B00B638C2 /* Products */ = {
			isa = PBXGroup;
			children = (
				ABB884C92B76754B00B638C2 /* EnglishWordLearningAI.app */,
				ABB884DB2B76754E00B638C2 /* EnglishWordLearningAITests.xctest */,
				ABB884E52B76754E00B638C2 /* EnglishWordLearningAIUITests.xctest */,
			);
			name = Products;
			sourceTree = "<group>";
		};
		ABB884CB2B76754B00B638C2 /* EnglishWordLearningAI */ = {
			isa = PBXGroup;
			children = (
				999F22892BAC8980007AE058 /* Models */,
				999F22802BAA98F9007AE058 /* ViewModels */,
				999F227F2BAA98E6007AE058 /* Views */,
				ABB884CC2B76754B00B638C2 /* EnglishWordLearningAIApp.swift */,
				ABB884D02B76754B00B638C2 /* Item.swift */,
				ABB884D22B76754D00B638C2 /* Assets.xcassets */,
				ABB884D42B76754D00B638C2 /* Preview Content */,
			);
			path = EnglishWordLearningAI;
			sourceTree = "<group>";
		};
		ABB884D42B76754D00B638C2 /* Preview Content */ = {
			isa = PBXGroup;
			children = (
				ABB884D52B76754D00B638C2 /* Preview Assets.xcassets */,
			);
			path = "Preview Content";
			sourceTree = "<group>";
		};
		ABB884DE2B76754E00B638C2 /* EnglishWordLearningAITests */ = {
			isa = PBXGroup;
			children = (
				ABB884DF2B76754E00B638C2 /* EnglishWordLearningAITests.swift */,
			);
			path = EnglishWordLearningAITests;
			sourceTree = "<group>";
		};
		ABB884E82B76754E00B638C2 /* EnglishWordLearningAIUITests */ = {
			isa = PBXGroup;
			children = (
				ABB884E92B76754E00B638C2 /* EnglishWordLearningAIUITests.swift */,
				ABB884EB2B76754E00B638C2 /* EnglishWordLearningAIUITestsLaunchTests.swift */,
			);
			path = EnglishWordLearningAIUITests;
			sourceTree = "<group>";
		};
/* End PBXGroup section */

/* Begin PBXNativeTarget section */
		ABB884C82B76754B00B638C2 /* EnglishWordLearningAI */ = {
			isa = PBXNativeTarget;
			buildConfigurationList = ABB884EF2B76754E00B638C2 /* Build configuration list for PBXNativeTarget "EnglishWordLearningAI" */;
			buildPhases = (
				ABB884C52B76754B00B638C2 /* Sources */,
				ABB884C62B76754B00B638C2 /* Frameworks */,
				ABB884C72B76754B00B638C2 /* Resources */,
			);
			buildRules = (
			);
			dependencies = (
			);
			name = EnglishWordLearningAI;
			packageProductDependencies = (
				993F918B2BC1694200C15C6E /* SVProgressHUD */,
				99A624062BCAE49D00755B4D /* Realm */,
				99A624082BCAE49D00755B4D /* RealmSwift */,
			);
			productName = EnglishWordLearningAI;
			productReference = ABB884C92B76754B00B638C2 /* EnglishWordLearningAI.app */;
			productType = "com.apple.product-type.application";
		};
		ABB884DA2B76754E00B638C2 /* EnglishWordLearningAITests */ = {
			isa = PBXNativeTarget;
			buildConfigurationList = ABB884F22B76754E00B638C2 /* Build configuration list for PBXNativeTarget "EnglishWordLearningAITests" */;
			buildPhases = (
				ABB884D72B76754E00B638C2 /* Sources */,
				ABB884D82B76754E00B638C2 /* Frameworks */,
				ABB884D92B76754E00B638C2 /* Resources */,
			);
			buildRules = (
			);
			dependencies = (
				ABB884DD2B76754E00B638C2 /* PBXTargetDependency */,
			);
			name = EnglishWordLearningAITests;
			productName = EnglishWordLearningAITests;
			productReference = ABB884DB2B76754E00B638C2 /* EnglishWordLearningAITests.xctest */;
			productType = "com.apple.product-type.bundle.unit-test";
		};
		ABB884E42B76754E00B638C2 /* EnglishWordLearningAIUITests */ = {
			isa = PBXNativeTarget;
			buildConfigurationList = ABB884F52B76754E00B638C2 /* Build configuration list for PBXNativeTarget "EnglishWordLearningAIUITests" */;
			buildPhases = (
				ABB884E12B76754E00B638C2 /* Sources */,
				ABB884E22B76754E00B638C2 /* Frameworks */,
				ABB884E32B76754E00B638C2 /* Resources */,
			);
			buildRules = (
			);
			dependencies = (
				ABB884E72B76754E00B638C2 /* PBXTargetDependency */,
			);
			name = EnglishWordLearningAIUITests;
			productName = EnglishWordLearningAIUITests;
			productReference = ABB884E52B76754E00B638C2 /* EnglishWordLearningAIUITests.xctest */;
			productType = "com.apple.product-type.bundle.ui-testing";
		};
/* End PBXNativeTarget section */

/* Begin PBXProject section */
		ABB884C12B76754B00B638C2 /* Project object */ = {
			isa = PBXProject;
			attributes = {
				BuildIndependentTargetsInParallel = 1;
				LastSwiftUpdateCheck = 1520;
				LastUpgradeCheck = 1520;
				TargetAttributes = {
					ABB884C82B76754B00B638C2 = {
						CreatedOnToolsVersion = 15.2;
					};
					ABB884DA2B76754E00B638C2 = {
						CreatedOnToolsVersion = 15.2;
						TestTargetID = ABB884C82B76754B00B638C2;
					};
					ABB884E42B76754E00B638C2 = {
						CreatedOnToolsVersion = 15.2;
						TestTargetID = ABB884C82B76754B00B638C2;
					};
				};
			};
			buildConfigurationList = ABB884C42B76754B00B638C2 /* Build configuration list for PBXProject "EnglishWordLearningAI" */;
			compatibilityVersion = "Xcode 14.0";
			developmentRegion = en;
			hasScannedForEncodings = 0;
			knownRegions = (
				en,
				Base,
			);
			mainGroup = ABB884C02B76754B00B638C2;
			packageReferences = (
				993F918A2BC1694200C15C6E /* XCRemoteSwiftPackageReference "SVProgressHUD" */,
				99DF13642BCAE2D800F474D8 /* XCRemoteSwiftPackageReference "realm-swift" */,
			);
			productRefGroup = ABB884CA2B76754B00B638C2 /* Products */;
			projectDirPath = "";
			projectRoot = "";
			targets = (
				ABB884C82B76754B00B638C2 /* EnglishWordLearningAI */,
				ABB884DA2B76754E00B638C2 /* EnglishWordLearningAITests */,
				ABB884E42B76754E00B638C2 /* EnglishWordLearningAIUITests */,
			);
		};
/* End PBXProject section */

/* Begin PBXResourcesBuildPhase section */
		ABB884C72B76754B00B638C2 /* Resources */ = {
			isa = PBXResourcesBuildPhase;
			buildActionMask = 2147483647;
			files = (
				ABB884D62B76754D00B638C2 /* Preview Assets.xcassets in Resources */,
				ABB884D32B76754D00B638C2 /* Assets.xcassets in Resources */,
			);
			runOnlyForDeploymentPostprocessing = 0;
		};
		ABB884D92B76754E00B638C2 /* Resources */ = {
			isa = PBXResourcesBuildPhase;
			buildActionMask = 2147483647;
			files = (
			);
			runOnlyForDeploymentPostprocessing = 0;
		};
		ABB884E32B76754E00B638C2 /* Resources */ = {
			isa = PBXResourcesBuildPhase;
			buildActionMask = 2147483647;
			files = (
			);
			runOnlyForDeploymentPostprocessing = 0;
		};
/* End PBXResourcesBuildPhase section */

/* Begin PBXSourcesBuildPhase section */
		ABB884C52B76754B00B638C2 /* Sources */ = {
			isa = PBXSourcesBuildPhase;
			buildActionMask = 2147483647;
			files = (
				99DF135C2BCA923400F474D8 /* DatabaseService.swift in Sources */,
				ABB884CF2B76754B00B638C2 /* WordListView.swift in Sources */,
				993F91892BC1433F00C15C6E /* SelectImageViewModel.swift in Sources */,
				999F22862BAC74D3007AE058 /* SelectSentenceView.swift in Sources */,
				999F228D2BAC92BF007AE058 /* InputWordViewModel.swift in Sources */,
				99DF13562BCA7EAC00F474D8 /* WordListViewModel.swift in Sources */,
				999F22882BAC894A007AE058 /* SelectSentenceViewModel.swift in Sources */,
				999F22822BAA9CBB007AE058 /* InputWordView.swift in Sources */,
				99A0BE592BCA55E00029AD20 /* RegisterCompleteView.swift in Sources */,
				999F228B2BAC8A18007AE058 /* NewWordData.swift in Sources */,
				999F22842BAAA56C007AE058 /* DesignView.swift in Sources */,
				ABB884D12B76754B00B638C2 /* Item.swift in Sources */,
				99DF13632BCAD33400F474D8 /* DatabaseRepository.swift in Sources */,
				993F91872BC13E7F00C15C6E /* SelectImageView.swift in Sources */,
				99DF13582BCA896600F474D8 /* WordDetailView.swift in Sources */,
				ABB884CD2B76754B00B638C2 /* EnglishWordLearningAIApp.swift in Sources */,
				99A0BE5B2BCA61A70029AD20 /* RegisterCompleteViewModel.swift in Sources */,
				99DF135A2BCA897D00F474D8 /* WordDetailViewModel.swift in Sources */,
			);
			runOnlyForDeploymentPostprocessing = 0;
		};
		ABB884D72B76754E00B638C2 /* Sources */ = {
			isa = PBXSourcesBuildPhase;
			buildActionMask = 2147483647;
			files = (
				ABB884E02B76754E00B638C2 /* EnglishWordLearningAITests.swift in Sources */,
			);
			runOnlyForDeploymentPostprocessing = 0;
		};
		ABB884E12B76754E00B638C2 /* Sources */ = {
			isa = PBXSourcesBuildPhase;
			buildActionMask = 2147483647;
			files = (
				ABB884EA2B76754E00B638C2 /* EnglishWordLearningAIUITests.swift in Sources */,
				ABB884EC2B76754E00B638C2 /* EnglishWordLearningAIUITestsLaunchTests.swift in Sources */,
			);
			runOnlyForDeploymentPostprocessing = 0;
		};
/* End PBXSourcesBuildPhase section */

/* Begin PBXTargetDependency section */
		ABB884DD2B76754E00B638C2 /* PBXTargetDependency */ = {
			isa = PBXTargetDependency;
			target = ABB884C82B76754B00B638C2 /* EnglishWordLearningAI */;
			targetProxy = ABB884DC2B76754E00B638C2 /* PBXContainerItemProxy */;
		};
		ABB884E72B76754E00B638C2 /* PBXTargetDependency */ = {
			isa = PBXTargetDependency;
			target = ABB884C82B76754B00B638C2 /* EnglishWordLearningAI */;
			targetProxy = ABB884E62B76754E00B638C2 /* PBXContainerItemProxy */;
		};
/* End PBXTargetDependency section */

/* Begin XCBuildConfiguration section */
		ABB884ED2B76754E00B638C2 /* Debug */ = {
			isa = XCBuildConfiguration;
			buildSettings = {
				ALWAYS_SEARCH_USER_PATHS = NO;
				ASSETCATALOG_COMPILER_GENERATE_SWIFT_ASSET_SYMBOL_EXTENSIONS = YES;
				CLANG_ANALYZER_NONNULL = YES;
				CLANG_ANALYZER_NUMBER_OBJECT_CONVERSION = YES_AGGRESSIVE;
				CLANG_CXX_LANGUAGE_STANDARD = "gnu++20";
				CLANG_ENABLE_MODULES = YES;
				CLANG_ENABLE_OBJC_ARC = YES;
				CLANG_ENABLE_OBJC_WEAK = YES;
				CLANG_WARN_BLOCK_CAPTURE_AUTORELEASING = YES;
				CLANG_WARN_BOOL_CONVERSION = YES;
				CLANG_WARN_COMMA = YES;
				CLANG_WARN_CONSTANT_CONVERSION = YES;
				CLANG_WARN_DEPRECATED_OBJC_IMPLEMENTATIONS = YES;
				CLANG_WARN_DIRECT_OBJC_ISA_USAGE = YES_ERROR;
				CLANG_WARN_DOCUMENTATION_COMMENTS = YES;
				CLANG_WARN_EMPTY_BODY = YES;
				CLANG_WARN_ENUM_CONVERSION = YES;
				CLANG_WARN_INFINITE_RECURSION = YES;
				CLANG_WARN_INT_CONVERSION = YES;
				CLANG_WARN_NON_LITERAL_NULL_CONVERSION = YES;
				CLANG_WARN_OBJC_IMPLICIT_RETAIN_SELF = YES;
				CLANG_WARN_OBJC_LITERAL_CONVERSION = YES;
				CLANG_WARN_OBJC_ROOT_CLASS = YES_ERROR;
				CLANG_WARN_QUOTED_INCLUDE_IN_FRAMEWORK_HEADER = YES;
				CLANG_WARN_RANGE_LOOP_ANALYSIS = YES;
				CLANG_WARN_STRICT_PROTOTYPES = YES;
				CLANG_WARN_SUSPICIOUS_MOVE = YES;
				CLANG_WARN_UNGUARDED_AVAILABILITY = YES_AGGRESSIVE;
				CLANG_WARN_UNREACHABLE_CODE = YES;
				CLANG_WARN__DUPLICATE_METHOD_MATCH = YES;
				COPY_PHASE_STRIP = NO;
				DEBUG_INFORMATION_FORMAT = dwarf;
				ENABLE_STRICT_OBJC_MSGSEND = YES;
				ENABLE_TESTABILITY = YES;
				ENABLE_USER_SCRIPT_SANDBOXING = YES;
				GCC_C_LANGUAGE_STANDARD = gnu17;
				GCC_DYNAMIC_NO_PIC = NO;
				GCC_NO_COMMON_BLOCKS = YES;
				GCC_OPTIMIZATION_LEVEL = 0;
				GCC_PREPROCESSOR_DEFINITIONS = (
					"DEBUG=1",
					"$(inherited)",
				);
				GCC_WARN_64_TO_32_BIT_CONVERSION = YES;
				GCC_WARN_ABOUT_RETURN_TYPE = YES_ERROR;
				GCC_WARN_UNDECLARED_SELECTOR = YES;
				GCC_WARN_UNINITIALIZED_AUTOS = YES_AGGRESSIVE;
				GCC_WARN_UNUSED_FUNCTION = YES;
				GCC_WARN_UNUSED_VARIABLE = YES;
				IPHONEOS_DEPLOYMENT_TARGET = 17.2;
				LOCALIZATION_PREFERS_STRING_CATALOGS = YES;
				MTL_ENABLE_DEBUG_INFO = INCLUDE_SOURCE;
				MTL_FAST_MATH = YES;
				ONLY_ACTIVE_ARCH = YES;
				SDKROOT = iphoneos;
				SWIFT_ACTIVE_COMPILATION_CONDITIONS = "DEBUG $(inherited)";
				SWIFT_OPTIMIZATION_LEVEL = "-Onone";
			};
			name = Debug;
		};
		ABB884EE2B76754E00B638C2 /* Release */ = {
			isa = XCBuildConfiguration;
			buildSettings = {
				ALWAYS_SEARCH_USER_PATHS = NO;
				ASSETCATALOG_COMPILER_GENERATE_SWIFT_ASSET_SYMBOL_EXTENSIONS = YES;
				CLANG_ANALYZER_NONNULL = YES;
				CLANG_ANALYZER_NUMBER_OBJECT_CONVERSION = YES_AGGRESSIVE;
				CLANG_CXX_LANGUAGE_STANDARD = "gnu++20";
				CLANG_ENABLE_MODULES = YES;
				CLANG_ENABLE_OBJC_ARC = YES;
				CLANG_ENABLE_OBJC_WEAK = YES;
				CLANG_WARN_BLOCK_CAPTURE_AUTORELEASING = YES;
				CLANG_WARN_BOOL_CONVERSION = YES;
				CLANG_WARN_COMMA = YES;
				CLANG_WARN_CONSTANT_CONVERSION = YES;
				CLANG_WARN_DEPRECATED_OBJC_IMPLEMENTATIONS = YES;
				CLANG_WARN_DIRECT_OBJC_ISA_USAGE = YES_ERROR;
				CLANG_WARN_DOCUMENTATION_COMMENTS = YES;
				CLANG_WARN_EMPTY_BODY = YES;
				CLANG_WARN_ENUM_CONVERSION = YES;
				CLANG_WARN_INFINITE_RECURSION = YES;
				CLANG_WARN_INT_CONVERSION = YES;
				CLANG_WARN_NON_LITERAL_NULL_CONVERSION = YES;
				CLANG_WARN_OBJC_IMPLICIT_RETAIN_SELF = YES;
				CLANG_WARN_OBJC_LITERAL_CONVERSION = YES;
				CLANG_WARN_OBJC_ROOT_CLASS = YES_ERROR;
				CLANG_WARN_QUOTED_INCLUDE_IN_FRAMEWORK_HEADER = YES;
				CLANG_WARN_RANGE_LOOP_ANALYSIS = YES;
				CLANG_WARN_STRICT_PROTOTYPES = YES;
				CLANG_WARN_SUSPICIOUS_MOVE = YES;
				CLANG_WARN_UNGUARDED_AVAILABILITY = YES_AGGRESSIVE;
				CLANG_WARN_UNREACHABLE_CODE = YES;
				CLANG_WARN__DUPLICATE_METHOD_MATCH = YES;
				COPY_PHASE_STRIP = NO;
				DEBUG_INFORMATION_FORMAT = "dwarf-with-dsym";
				ENABLE_NS_ASSERTIONS = NO;
				ENABLE_STRICT_OBJC_MSGSEND = YES;
				ENABLE_USER_SCRIPT_SANDBOXING = YES;
				GCC_C_LANGUAGE_STANDARD = gnu17;
				GCC_NO_COMMON_BLOCKS = YES;
				GCC_WARN_64_TO_32_BIT_CONVERSION = YES;
				GCC_WARN_ABOUT_RETURN_TYPE = YES_ERROR;
				GCC_WARN_UNDECLARED_SELECTOR = YES;
				GCC_WARN_UNINITIALIZED_AUTOS = YES_AGGRESSIVE;
				GCC_WARN_UNUSED_FUNCTION = YES;
				GCC_WARN_UNUSED_VARIABLE = YES;
				IPHONEOS_DEPLOYMENT_TARGET = 17.2;
				LOCALIZATION_PREFERS_STRING_CATALOGS = YES;
				MTL_ENABLE_DEBUG_INFO = NO;
				MTL_FAST_MATH = YES;
				SDKROOT = iphoneos;
				SWIFT_COMPILATION_MODE = wholemodule;
				VALIDATE_PRODUCT = YES;
			};
			name = Release;
		};
		ABB884F02B76754E00B638C2 /* Debug */ = {
			isa = XCBuildConfiguration;
			buildSettings = {
				ASSETCATALOG_COMPILER_APPICON_NAME = AppIcon;
				ASSETCATALOG_COMPILER_GLOBAL_ACCENT_COLOR_NAME = AccentColor;
				CODE_SIGN_STYLE = Automatic;
				CURRENT_PROJECT_VERSION = 1;
				DEVELOPMENT_ASSET_PATHS = "\"EnglishWordLearningAI/Preview Content\"";
				DEVELOPMENT_TEAM = 52LU863YVH;
				ENABLE_PREVIEWS = YES;
				GENERATE_INFOPLIST_FILE = YES;
				INFOPLIST_KEY_UIApplicationSceneManifest_Generation = YES;
				INFOPLIST_KEY_UIApplicationSupportsIndirectInputEvents = YES;
				INFOPLIST_KEY_UILaunchScreen_Generation = YES;
				INFOPLIST_KEY_UISupportedInterfaceOrientations_iPad = "UIInterfaceOrientationPortrait UIInterfaceOrientationPortraitUpsideDown UIInterfaceOrientationLandscapeLeft UIInterfaceOrientationLandscapeRight";
				INFOPLIST_KEY_UISupportedInterfaceOrientations_iPhone = "UIInterfaceOrientationPortrait UIInterfaceOrientationLandscapeLeft UIInterfaceOrientationLandscapeRight";
				IPHONEOS_DEPLOYMENT_TARGET = 17.0;
				LD_RUNPATH_SEARCH_PATHS = (
					"$(inherited)",
					"@executable_path/Frameworks",
				);
				MARKETING_VERSION = 1.0;
				PRODUCT_BUNDLE_IDENTIFIER = jp.ON.EnglishWordLearningAI;
				PRODUCT_NAME = "$(TARGET_NAME)";
				SWIFT_EMIT_LOC_STRINGS = YES;
				SWIFT_VERSION = 5.0;
				TARGETED_DEVICE_FAMILY = "1,2";
			};
			name = Debug;
		};
		ABB884F12B76754E00B638C2 /* Release */ = {
			isa = XCBuildConfiguration;
			buildSettings = {
				ASSETCATALOG_COMPILER_APPICON_NAME = AppIcon;
				ASSETCATALOG_COMPILER_GLOBAL_ACCENT_COLOR_NAME = AccentColor;
				CODE_SIGN_STYLE = Automatic;
				CURRENT_PROJECT_VERSION = 1;
				DEVELOPMENT_ASSET_PATHS = "\"EnglishWordLearningAI/Preview Content\"";
				DEVELOPMENT_TEAM = 52LU863YVH;
				ENABLE_PREVIEWS = YES;
				GENERATE_INFOPLIST_FILE = YES;
				INFOPLIST_KEY_UIApplicationSceneManifest_Generation = YES;
				INFOPLIST_KEY_UIApplicationSupportsIndirectInputEvents = YES;
				INFOPLIST_KEY_UILaunchScreen_Generation = YES;
				INFOPLIST_KEY_UISupportedInterfaceOrientations_iPad = "UIInterfaceOrientationPortrait UIInterfaceOrientationPortraitUpsideDown UIInterfaceOrientationLandscapeLeft UIInterfaceOrientationLandscapeRight";
				INFOPLIST_KEY_UISupportedInterfaceOrientations_iPhone = "UIInterfaceOrientationPortrait UIInterfaceOrientationLandscapeLeft UIInterfaceOrientationLandscapeRight";
				IPHONEOS_DEPLOYMENT_TARGET = 17.0;
				LD_RUNPATH_SEARCH_PATHS = (
					"$(inherited)",
					"@executable_path/Frameworks",
				);
				MARKETING_VERSION = 1.0;
				PRODUCT_BUNDLE_IDENTIFIER = jp.ON.EnglishWordLearningAI;
				PRODUCT_NAME = "$(TARGET_NAME)";
				SWIFT_EMIT_LOC_STRINGS = YES;
				SWIFT_VERSION = 5.0;
				TARGETED_DEVICE_FAMILY = "1,2";
			};
			name = Release;
		};
		ABB884F32B76754E00B638C2 /* Debug */ = {
			isa = XCBuildConfiguration;
			buildSettings = {
				ALWAYS_EMBED_SWIFT_STANDARD_LIBRARIES = YES;
				BUNDLE_LOADER = "$(TEST_HOST)";
				CODE_SIGN_STYLE = Automatic;
				CURRENT_PROJECT_VERSION = 1;
				DEVELOPMENT_TEAM = 7Q2YLS5S6Q;
				GENERATE_INFOPLIST_FILE = YES;
				IPHONEOS_DEPLOYMENT_TARGET = 17.2;
				MARKETING_VERSION = 1.0;
				PRODUCT_BUNDLE_IDENTIFIER = jp.ON.EnglishWordLearningAITests;
				PRODUCT_NAME = "$(TARGET_NAME)";
				SWIFT_EMIT_LOC_STRINGS = NO;
				SWIFT_VERSION = 5.0;
				TARGETED_DEVICE_FAMILY = "1,2";
				TEST_HOST = "$(BUILT_PRODUCTS_DIR)/EnglishWordLearningAI.app/$(BUNDLE_EXECUTABLE_FOLDER_PATH)/EnglishWordLearningAI";
			};
			name = Debug;
		};
		ABB884F42B76754E00B638C2 /* Release */ = {
			isa = XCBuildConfiguration;
			buildSettings = {
				ALWAYS_EMBED_SWIFT_STANDARD_LIBRARIES = YES;
				BUNDLE_LOADER = "$(TEST_HOST)";
				CODE_SIGN_STYLE = Automatic;
				CURRENT_PROJECT_VERSION = 1;
				DEVELOPMENT_TEAM = 7Q2YLS5S6Q;
				GENERATE_INFOPLIST_FILE = YES;
				IPHONEOS_DEPLOYMENT_TARGET = 17.2;
				MARKETING_VERSION = 1.0;
				PRODUCT_BUNDLE_IDENTIFIER = jp.ON.EnglishWordLearningAITests;
				PRODUCT_NAME = "$(TARGET_NAME)";
				SWIFT_EMIT_LOC_STRINGS = NO;
				SWIFT_VERSION = 5.0;
				TARGETED_DEVICE_FAMILY = "1,2";
				TEST_HOST = "$(BUILT_PRODUCTS_DIR)/EnglishWordLearningAI.app/$(BUNDLE_EXECUTABLE_FOLDER_PATH)/EnglishWordLearningAI";
			};
			name = Release;
		};
		ABB884F62B76754E00B638C2 /* Debug */ = {
			isa = XCBuildConfiguration;
			buildSettings = {
				ALWAYS_EMBED_SWIFT_STANDARD_LIBRARIES = YES;
				CODE_SIGN_STYLE = Automatic;
				CURRENT_PROJECT_VERSION = 1;
				DEVELOPMENT_TEAM = 7Q2YLS5S6Q;
				GENERATE_INFOPLIST_FILE = YES;
				MARKETING_VERSION = 1.0;
				PRODUCT_BUNDLE_IDENTIFIER = jp.ON.EnglishWordLearningAIUITests;
				PRODUCT_NAME = "$(TARGET_NAME)";
				SWIFT_EMIT_LOC_STRINGS = NO;
				SWIFT_VERSION = 5.0;
				TARGETED_DEVICE_FAMILY = "1,2";
				TEST_TARGET_NAME = EnglishWordLearningAI;
			};
			name = Debug;
		};
		ABB884F72B76754E00B638C2 /* Release */ = {
			isa = XCBuildConfiguration;
			buildSettings = {
				ALWAYS_EMBED_SWIFT_STANDARD_LIBRARIES = YES;
				CODE_SIGN_STYLE = Automatic;
				CURRENT_PROJECT_VERSION = 1;
				DEVELOPMENT_TEAM = 7Q2YLS5S6Q;
				GENERATE_INFOPLIST_FILE = YES;
				MARKETING_VERSION = 1.0;
				PRODUCT_BUNDLE_IDENTIFIER = jp.ON.EnglishWordLearningAIUITests;
				PRODUCT_NAME = "$(TARGET_NAME)";
				SWIFT_EMIT_LOC_STRINGS = NO;
				SWIFT_VERSION = 5.0;
				TARGETED_DEVICE_FAMILY = "1,2";
				TEST_TARGET_NAME = EnglishWordLearningAI;
			};
			name = Release;
		};
/* End XCBuildConfiguration section */

/* Begin XCConfigurationList section */
		ABB884C42B76754B00B638C2 /* Build configuration list for PBXProject "EnglishWordLearningAI" */ = {
			isa = XCConfigurationList;
			buildConfigurations = (
				ABB884ED2B76754E00B638C2 /* Debug */,
				ABB884EE2B76754E00B638C2 /* Release */,
			);
			defaultConfigurationIsVisible = 0;
			defaultConfigurationName = Release;
		};
		ABB884EF2B76754E00B638C2 /* Build configuration list for PBXNativeTarget "EnglishWordLearningAI" */ = {
			isa = XCConfigurationList;
			buildConfigurations = (
				ABB884F02B76754E00B638C2 /* Debug */,
				ABB884F12B76754E00B638C2 /* Release */,
			);
			defaultConfigurationIsVisible = 0;
			defaultConfigurationName = Release;
		};
		ABB884F22B76754E00B638C2 /* Build configuration list for PBXNativeTarget "EnglishWordLearningAITests" */ = {
			isa = XCConfigurationList;
			buildConfigurations = (
				ABB884F32B76754E00B638C2 /* Debug */,
				ABB884F42B76754E00B638C2 /* Release */,
			);
			defaultConfigurationIsVisible = 0;
			defaultConfigurationName = Release;
		};
		ABB884F52B76754E00B638C2 /* Build configuration list for PBXNativeTarget "EnglishWordLearningAIUITests" */ = {
			isa = XCConfigurationList;
			buildConfigurations = (
				ABB884F62B76754E00B638C2 /* Debug */,
				ABB884F72B76754E00B638C2 /* Release */,
			);
			defaultConfigurationIsVisible = 0;
			defaultConfigurationName = Release;
		};
/* End XCConfigurationList section */

/* Begin XCRemoteSwiftPackageReference section */
		993F918A2BC1694200C15C6E /* XCRemoteSwiftPackageReference "SVProgressHUD" */ = {
			isa = XCRemoteSwiftPackageReference;
			repositoryURL = "https://github.com/SVProgressHUD/SVProgressHUD";
			requirement = {
				kind = upToNextMajorVersion;
				minimumVersion = 2.3.1;
			};
		};
		99DF13642BCAE2D800F474D8 /* XCRemoteSwiftPackageReference "realm-swift" */ = {
			isa = XCRemoteSwiftPackageReference;
			repositoryURL = "https://github.com/realm/realm-swift.git";
			requirement = {
				kind = upToNextMajorVersion;
				minimumVersion = 10.49.1;
			};
		};
/* End XCRemoteSwiftPackageReference section */

/* Begin XCSwiftPackageProductDependency section */
		993F918B2BC1694200C15C6E /* SVProgressHUD */ = {
			isa = XCSwiftPackageProductDependency;
			package = 993F918A2BC1694200C15C6E /* XCRemoteSwiftPackageReference "SVProgressHUD" */;
			productName = SVProgressHUD;
		};
		99A624062BCAE49D00755B4D /* Realm */ = {
			isa = XCSwiftPackageProductDependency;
			package = 99DF13642BCAE2D800F474D8 /* XCRemoteSwiftPackageReference "realm-swift" */;
			productName = Realm;
		};
		99A624082BCAE49D00755B4D /* RealmSwift */ = {
			isa = XCSwiftPackageProductDependency;
			package = 99DF13642BCAE2D800F474D8 /* XCRemoteSwiftPackageReference "realm-swift" */;
			productName = RealmSwift;
		};
/* End XCSwiftPackageProductDependency section */
	};
	rootObject = ABB884C12B76754B00B638C2 /* Project object */;
}
