{
  "originHash" : "74d35d46c5edad22a521af62ee528d60eeb9a4b940da9031e893e805b95af978",
  "pins" : [
    {
      "identity" : "svprogresshud",
      "kind" : "remoteSourceControl",
      "location" : "https://github.com/SVProgressHUD/SVProgressHUD",
      "state" : {
        "revision" : "c33f7c775ba7feea6047a1fc3257f2e5863b44f7",
        "version" : "2.3.1"
      }
    }
  ],
  "version" : 3
}
